# THIS IS AN AUTOGENERATED FILE. DO NOT EDIT THIS FILE DIRECTLY.
# yarn lockfile v1


"@babel/runtime@^7.10.5":
  version "7.19.0"
  resolved "https://registry.yarnpkg.com/@babel/runtime/-/runtime-7.19.0.tgz#22b11c037b094d27a8a2504ea4dcff00f50e2259"
  integrity sha512-eR8Lo9hnDS7tqkO7NsV+mKvCmv5boaXFSZ70DnfhcgiEne8hv9oCEd36Klw74EtizEqLsy4YnW8UWwpBVolHZA==
  dependencies:
    regenerator-runtime "^0.13.4"

"@types/yup@0.29.11":
  version "0.29.11"
  resolved "https://registry.yarnpkg.com/@types/yup/-/yup-0.29.11.tgz#d654a112973f5e004bf8438122bd7e56a8e5cd7e"
  integrity sha512-9cwk3c87qQKZrT251EDoibiYRILjCmxBvvcb4meofCmx1vdnNcR9gyildy5vOHASpOKMsn42CugxUvcwK5eu1g==

graphql-shield@^7.5.0:
  version "7.5.0"
  resolved "https://registry.yarnpkg.com/graphql-shield/-/graphql-shield-7.5.0.tgz#aa3af226946946dfadac33eccc6cbe7fec6e9000"
  integrity sha512-T1A6OreOe/dHDk/1Qg3AHCrKLmTkDJ3fPFGYpSOmUbYXyDnjubK4J5ab5FjHdKHK5fWQRZNTvA0SrBObYsyfaw==
  dependencies:
    "@types/yup" "0.29.11"
    object-hash "^2.0.3"
    yup "^0.31.0"

lodash-es@^4.17.11:
  version "4.17.21"
  resolved "https://registry.yarnpkg.com/lodash-es/-/lodash-es-4.17.21.tgz#43e626c46e6591b7750beb2b50117390c609e3ee"
  integrity sha512-mKnC+QJ9pWVzv+C4/U3rRsHapFfHvQFoFB92e52xeyGMcX6/OlIl78je1u8vePzYZSkkogMPJ2yjxxsb89cxyw==

lodash@^4.17.20:
  version "4.17.21"
  resolved "https://registry.yarnpkg.com/lodash/-/lodash-4.17.21.tgz#679591c564c3bffaae8454cf0b3df370c3d6911c"
  integrity sha512-v2kDEe57lecTulaDIuNTPy3Ry4gLGJ6Z1O3vE1krgXZNrsQ+LFTGHVxVjcXPs17LhbZVGedAJv8XZ1tvj5FvSg==

object-hash@^2.0.3:
  version "2.2.0"
  resolved "https://registry.yarnpkg.com/object-hash/-/object-hash-2.2.0.tgz#5ad518581eefc443bd763472b8ff2e9c2c0d54a5"
  integrity sha512-gScRMn0bS5fH+IuwyIFgnh9zBdo4DV+6GhygmWM9HyNJSgS0hScp1f5vjtm7oIIOiT9trXrShAkLFSc2IqKNgw==

property-expr@^2.0.4:
  version "2.0.5"
  resolved "https://registry.yarnpkg.com/property-expr/-/property-expr-2.0.5.tgz#278bdb15308ae16af3e3b9640024524f4dc02cb4"
  integrity sha512-IJUkICM5dP5znhCckHSv30Q4b5/JA5enCtkRHYaOVOAocnH/1BQEYTC5NMfT3AVl/iXKdr3aqQbQn9DxyWknwA==

regenerator-runtime@^0.13.4:
  version "0.13.9"
  resolved "https://registry.yarnpkg.com/regenerator-runtime/-/regenerator-runtime-0.13.9.tgz#8925742a98ffd90814988d7566ad30ca3b263b52"
  integrity sha512-p3VT+cOEgxFsRRA9X4lkI1E+k2/CtnKtU4gcxyaCUreilL/vqI6CdZ3wxVUx3UOUg+gnUOQQcRI7BmSI656MYA==

toposort@^2.0.2:
  version "2.0.2"
  resolved "https://registry.yarnpkg.com/toposort/-/toposort-2.0.2.tgz#ae21768175d1559d48bef35420b2f4962f09c330"
  integrity sha512-0a5EOkAUp8D4moMi2W8ZF8jcga7BgZd91O/yabJCFY8az+XSzeGyTKs0Aoo897iV1Nj6guFq8orWDS96z91oGg==

yup@^0.31.0:
  version "0.31.1"
  resolved "https://registry.yarnpkg.com/yup/-/yup-0.31.1.tgz#0954cb181161f397b804346037a04f8a4b31599e"
  integrity sha512-Lf6648jDYOWR75IlWkVfwesPyW6oj+50NpxlKvsQlpPsB8eI+ndI7b4S1VrwbmeV9hIZDu1MzrlIL4W+gK1jPw==
  dependencies:
    "@babel/runtime" "^7.10.5"
    lodash "^4.17.20"
    lodash-es "^4.17.11"
    property-expr "^2.0.4"
    toposort "^2.0.2"
